<?xml version="1.0" encoding="utf-8"?>
<Project ToolsVersion="4.0" xmlns="http://schemas.microsoft.com/developer/msbuild/2003">
  <ItemGroup>
    <Filter Include="Source Files">
      <UniqueIdentifier>{4FC737F1-C7A5-4376-A066-2A32D752A2FF}</UniqueIdentifier>
      <Extensions>cpp;c;cc;cxx;def;odl;idl;hpj;bat;asm;asmx</Extensions>
    </Filter>
    <Filter Include="Header Files">
      <UniqueIdentifier>{93995380-89BD-4b04-88EB-625FBE52EBFB}</UniqueIdentifier>
      <Extensions>h;hpp;hxx;hm;inl;inc;xsd</Extensions>
    </Filter>
    <Filter Include="Resource Files">
      <UniqueIdentifier>{67DA6AB6-F800-4c08-8B7A-83BB121AAD01}</UniqueIdentifier>
      <Extensions>rc;ico;cur;bmp;dlg;rc2;rct;bin;rgs;gif;jpg;jpeg;jpe;resx;tiff;tif;png;wav</Extensions>
    </Filter>
  </ItemGroup>
  <ItemGroup>
    <ClCompile Include="AppConfig.cpp">
      <Filter>Source Files</Filter>
    </ClCompile>
    <ClCompile Include="CloudDrive.cpp">
      <Filter>Source Files</Filter>
    </ClCompile>
    <ClCompile Include="CommonFunctions.cpp">
      <Filter>Source Files</Filter>
    </ClCompile>
    <ClCompile Include="DataObject.cpp">
      <Filter>Source Files</Filter>
    </ClCompile>
    <ClCompile Include="DialogProcedure.cpp">
      <Filter>Source Files</Filter>
    </ClCompile>
    <ClCompile Include="DownloadFile.cpp">
      <Filter>Source Files</Filter>
    </ClCompile>
    <ClCompile Include="DragAndDrop.cpp">
      <Filter>Source Files</Filter>
    </ClCompile>
    <ClCompile Include="DropSource.cpp">
      <Filter>Source Files</Filter>
    </ClCompile>
    <ClCompile Include="Droptarget.cpp">
      <Filter>Source Files</Filter>
    </ClCompile>
    <ClCompile Include="PasswordEncryption.cpp">
      <Filter>Source Files</Filter>
    </ClCompile>
    <ClCompile Include="ThreadCallbackFunction.cpp">
      <Filter>Source Files</Filter>
    </ClCompile>
    <ClCompile Include="ThreadParam.cpp">
      <Filter>Source Files</Filter>
    </ClCompile>
    <ClCompile Include="UIListview.cpp">
      <Filter>Source Files</Filter>
    </ClCompile>
    <ClCompile Include="UIMenuToolbarStatusbar.cpp">
      <Filter>Source Files</Filter>
    </ClCompile>
    <ClCompile Include="UISystemTray.cpp">
      <Filter>Source Files</Filter>
    </ClCompile>
    <ClCompile Include="UploadFile.cpp">
      <Filter>Source Files</Filter>
    </ClCompile>
  </ItemGroup>
  <ItemGroup>
    <ClInclude Include="AppConfig.h">
      <Filter>Header Files</Filter>
    </ClInclude>
    <ClInclude Include="CloudDrive.h">
      <Filter>Header Files</Filter>
    </ClInclude>
    <ClInclude Include="CommonFunctions.h">
      <Filter>Header Files</Filter>
    </ClInclude>
    <ClInclude Include="DataObject.h">
      <Filter>Header Files</Filter>
    </ClInclude>
    <ClInclude Include="DialogProcedure.h">
      <Filter>Header Files</Filter>
    </ClInclude>
    <ClInclude Include="DownloadFile.h">
      <Filter>Header Files</Filter>
    </ClInclude>
    <ClInclude Include="DragAndDrop.h">
      <Filter>Header Files</Filter>
    </ClInclude>
    <ClInclude Include="DropSource.h">
      <Filter>Header Files</Filter>
    </ClInclude>
    <ClInclude Include="Droptarget.h">
      <Filter>Header Files</Filter>
    </ClInclude>
    <ClInclude Include="PasswordEncryption.h">
      <Filter>Header Files</Filter>
    </ClInclude>
    <ClInclude Include="resource.h">
      <Filter>Header Files</Filter>
    </ClInclude>
    <ClInclude Include="targetver.h">
      <Filter>Header Files</Filter>
    </ClInclude>
    <ClInclude Include="ThreadCallbackFunction.h">
      <Filter>Header Files</Filter>
    </ClInclude>
    <ClInclude Include="ThreadParam.h">
      <Filter>Header Files</Filter>
    </ClInclude>
    <ClInclude Include="UIListview.h">
      <Filter>Header Files</Filter>
    </ClInclude>
    <ClInclude Include="UIMenuToolbarStatusbar.h">
      <Filter>Header Files</Filter>
    </ClInclude>
    <ClInclude Include="UISystemTray.h">
      <Filter>Header Files</Filter>
    </ClInclude>
    <ClInclude Include="UploadFile.h">
      <Filter>Header Files</Filter>
    </ClInclude>
  </ItemGroup>
  <ItemGroup>
    <Image Include="AdobeAcrobatLogo.bmp">
      <Filter>Resource Files</Filter>
    </Image>
    <Image Include="CloudDrive.ico">
      <Filter>Resource Files</Filter>
    </Image>
    <Image Include="CloudDriveLogo.bmp">
      <Filter>Resource Files</Filter>
    </Image>
    <Image Include="login.bmp">
      <Filter>Resource Files</Filter>
    </Image>
    <Image Include="Messagebar.bmp">
      <Filter>Resource Files</Filter>
    </Image>
    <Image Include="StatusBroken.ico">
      <Filter>Resource Files</Filter>
    </Image>
    <Image Include="StatusOnline.ico">
      <Filter>Resource Files</Filter>
    </Image>
    <Image Include="toolbarImagList.bmp">
      <Filter>Resource Files</Filter>
    </Image>
  </ItemGroup>
  <ItemGroup>
    <ResourceCompile Include="CloudDrive.rc">
      <Filter>Resource Files</Filter>
    </ResourceCompile>
  </ItemGroup>
  <ItemGroup>
    <Manifest Include="CloudDrive.exe.manifest" />
  </ItemGroup>
  <ItemGroup>
    <Xml Include="Config.xml" />
  </ItemGroup>
  <ItemGroup>
    <None Include="Help.html" />
  </ItemGroup>
</Project>